
Microsoft Visual Studio Solution File, Format Version 12.00
# Visual Studio 15
VisualStudioVersion = 15.0.27428.2027
MinimumVisualStudioVersion = 10.0.40219.1
Project("{FAE04EC0-301F-11D3-BF4B-00C04F79EFBC}") = "JsonObjectGenerator", "JsonObjectGenerator\JsonObjectGenerator.csproj", "{38EDE4C9-6980-4229-AEC0-8D39A300D24B}"
EndProject
Project("{FAE04EC0-301F-11D3-BF4B-00C04F79EFBC}") = "CreaterTest", "CreaterTest\CreaterTest.csproj", "{AB9F15CE-F25D-41B9-844B-F5AEC52AFC1F}"
EndProject
Global
	GlobalSection(SolutionConfigurationPlatforms) = preSolution
		Debug|Any CPU = Debug|Any CPU
		Release|Any CPU = Release|Any CPU
	EndGlobalSection
	GlobalSection(ProjectConfigurationPlatforms) = postSolution
		{38EDE4C9-6980-4229-AEC0-8D39A300D24B}.Debug|Any CPU.ActiveCfg = Debug|Any CPU
		{38EDE4C9-6980-4229-AEC0-8D39A300D24B}.Debug|Any CPU.Build.0 = Debug|Any CPU
		{38EDE4C9-6980-4229-AEC0-8D39A300D24B}.Release|Any CPU.ActiveCfg = Release|Any CPU
		{38EDE4C9-6980-4229-AEC0-8D39A300D24B}.Release|Any CPU.Build.0 = Release|Any CPU
		{AB9F15CE-F25D-41B9-844B-F5AEC52AFC1F}.Debug|Any CPU.ActiveCfg = Debug|Any CPU
		{AB9F15CE-F25D-41B9-844B-F5AEC52AFC1F}.Debug|Any CPU.Build.0 = Debug|Any CPU
		{AB9F15CE-F25D-41B9-844B-F5AEC52AFC1F}.Release|Any CPU.ActiveCfg = Release|Any CPU
		{AB9F15CE-F25D-41B9-844B-F5AEC52AFC1F}.Release|Any CPU.Build.0 = Release|Any CPU
	EndGlobalSection
	GlobalSection(SolutionProperties) = preSolution
		HideSolutionNode = FALSE
	EndGlobalSection
	GlobalSection(ExtensibilityGlobals) = postSolution
		SolutionGuid = {C567CAE4-BBB9-4B49-B126-5385C5A64F29}
	EndGlobalSection
EndGlobal
