
Microsoft Visual Studio Solution File, Format Version 12.00
# Visual Studio 15
VisualStudioVersion = 15.0.27428.2027
MinimumVisualStudioVersion = 10.0.40219.1
Project("{FAE04EC0-301F-11D3-BF4B-00C04F79EFBC}") = "NJSonObject", "JsonObjectGenerator\NJSonObject.csproj", "{38EDE4C9-6980-4229-AEC0-8D39A300D24B}"
EndProject
Project("{FAE04EC0-301F-11D3-BF4B-00C04F79EFBC}") = "Test", "Test\Test.csproj", "{3BF5FB79-1194-4FCB-8887-8501C0088EF6}"
EndProject
Project("{FAE04EC0-301F-11D3-BF4B-00C04F79EFBC}") = "JSonCodeGenerator", "JSonCodeGenerator\JSonCodeGenerator.csproj", "{80677EA6-D9F2-4842-8D32-D96D8A094980}"
EndProject
Global
	GlobalSection(SolutionConfigurationPlatforms) = preSolution
		Debug|Any CPU = Debug|Any CPU
		Release|Any CPU = Release|Any CPU
	EndGlobalSection
	GlobalSection(ProjectConfigurationPlatforms) = postSolution
		{38EDE4C9-6980-4229-AEC0-8D39A300D24B}.Debug|Any CPU.ActiveCfg = Debug|Any CPU
		{38EDE4C9-6980-4229-AEC0-8D39A300D24B}.Debug|Any CPU.Build.0 = Debug|Any CPU
		{38EDE4C9-6980-4229-AEC0-8D39A300D24B}.Release|Any CPU.ActiveCfg = Release|Any CPU
		{38EDE4C9-6980-4229-AEC0-8D39A300D24B}.Release|Any CPU.Build.0 = Release|Any CPU
		{3BF5FB79-1194-4FCB-8887-8501C0088EF6}.Debug|Any CPU.ActiveCfg = Debug|Any CPU
		{3BF5FB79-1194-4FCB-8887-8501C0088EF6}.Debug|Any CPU.Build.0 = Debug|Any CPU
		{3BF5FB79-1194-4FCB-8887-8501C0088EF6}.Release|Any CPU.ActiveCfg = Release|Any CPU
		{3BF5FB79-1194-4FCB-8887-8501C0088EF6}.Release|Any CPU.Build.0 = Release|Any CPU
		{80677EA6-D9F2-4842-8D32-D96D8A094980}.Debug|Any CPU.ActiveCfg = Debug|Any CPU
		{80677EA6-D9F2-4842-8D32-D96D8A094980}.Debug|Any CPU.Build.0 = Debug|Any CPU
		{80677EA6-D9F2-4842-8D32-D96D8A094980}.Release|Any CPU.ActiveCfg = Release|Any CPU
		{80677EA6-D9F2-4842-8D32-D96D8A094980}.Release|Any CPU.Build.0 = Release|Any CPU
	EndGlobalSection
	GlobalSection(SolutionProperties) = preSolution
		HideSolutionNode = FALSE
	EndGlobalSection
	GlobalSection(ExtensibilityGlobals) = postSolution
		SolutionGuid = {C567CAE4-BBB9-4B49-B126-5385C5A64F29}
	EndGlobalSection
EndGlobal
